
Microsoft Visual Studio Solution File, Format Version 12.00
# Visual Studio 14
VisualStudioVersion = 14.0.22823.1
MinimumVisualStudioVersion = 10.0.40219.1
Project("{8BC9CEB8-8B4A-11D0-8D11-00A0C91BC942}") = "jcSMP.ConsoleTest", "jcSMP.ConsoleTest\jcSMP.ConsoleTest.vcxproj", "{31EE8591-5110-48C1-918D-33F23019D7A4}"
EndProject
Project("{8BC9CEB8-8B4A-11D0-8D11-00A0C91BC942}") = "jcSMP.Lib", "jcSMP.Lib\jcSMP.Lib.vcxproj", "{39DA675A-A81B-4FA5-AC6C-18342E58D545}"
EndProject
Project("{FAE04EC0-301F-11D3-BF4B-00C04F79EFBC}") = "jcSMP.UWA", "jcSMP.UWA\jcSMP.UWA.csproj", "{90CB144F-3610-4884-B159-920183313508}"
EndProject
Global
	GlobalSection(SolutionConfigurationPlatforms) = preSolution
		Debug|ARM = Debug|ARM
		Debug|x64 = Debug|x64
		Debug|x86 = Debug|x86
		Release|ARM = Release|ARM
		Release|x64 = Release|x64
		Release|x86 = Release|x86
	EndGlobalSection
	GlobalSection(ProjectConfigurationPlatforms) = postSolution
		{31EE8591-5110-48C1-918D-33F23019D7A4}.Debug|ARM.ActiveCfg = Debug|Win32
		{31EE8591-5110-48C1-918D-33F23019D7A4}.Debug|x64.ActiveCfg = Debug|Win32
		{31EE8591-5110-48C1-918D-33F23019D7A4}.Debug|x86.ActiveCfg = Debug|Win32
		{31EE8591-5110-48C1-918D-33F23019D7A4}.Debug|x86.Build.0 = Debug|Win32
		{31EE8591-5110-48C1-918D-33F23019D7A4}.Release|ARM.ActiveCfg = Release|Win32
		{31EE8591-5110-48C1-918D-33F23019D7A4}.Release|x64.ActiveCfg = Release|Win32
		{31EE8591-5110-48C1-918D-33F23019D7A4}.Release|x86.ActiveCfg = Release|Win32
		{31EE8591-5110-48C1-918D-33F23019D7A4}.Release|x86.Build.0 = Release|Win32
		{39DA675A-A81B-4FA5-AC6C-18342E58D545}.Debug|ARM.ActiveCfg = Debug|Win32
		{39DA675A-A81B-4FA5-AC6C-18342E58D545}.Debug|x64.ActiveCfg = Debug|Win32
		{39DA675A-A81B-4FA5-AC6C-18342E58D545}.Debug|x86.ActiveCfg = Debug|Win32
		{39DA675A-A81B-4FA5-AC6C-18342E58D545}.Debug|x86.Build.0 = Debug|Win32
		{39DA675A-A81B-4FA5-AC6C-18342E58D545}.Release|ARM.ActiveCfg = Release|Win32
		{39DA675A-A81B-4FA5-AC6C-18342E58D545}.Release|x64.ActiveCfg = Release|Win32
		{39DA675A-A81B-4FA5-AC6C-18342E58D545}.Release|x86.ActiveCfg = Release|Win32
		{39DA675A-A81B-4FA5-AC6C-18342E58D545}.Release|x86.Build.0 = Release|Win32
		{90CB144F-3610-4884-B159-920183313508}.Debug|ARM.ActiveCfg = Debug|ARM
		{90CB144F-3610-4884-B159-920183313508}.Debug|ARM.Build.0 = Debug|ARM
		{90CB144F-3610-4884-B159-920183313508}.Debug|ARM.Deploy.0 = Debug|ARM
		{90CB144F-3610-4884-B159-920183313508}.Debug|x64.ActiveCfg = Debug|x64
		{90CB144F-3610-4884-B159-920183313508}.Debug|x64.Build.0 = Debug|x64
		{90CB144F-3610-4884-B159-920183313508}.Debug|x64.Deploy.0 = Debug|x64
		{90CB144F-3610-4884-B159-920183313508}.Debug|x86.ActiveCfg = Debug|x86
		{90CB144F-3610-4884-B159-920183313508}.Debug|x86.Build.0 = Debug|x86
		{90CB144F-3610-4884-B159-920183313508}.Debug|x86.Deploy.0 = Debug|x86
		{90CB144F-3610-4884-B159-920183313508}.Release|ARM.ActiveCfg = Release|ARM
		{90CB144F-3610-4884-B159-920183313508}.Release|ARM.Build.0 = Release|ARM
		{90CB144F-3610-4884-B159-920183313508}.Release|ARM.Deploy.0 = Release|ARM
		{90CB144F-3610-4884-B159-920183313508}.Release|x64.ActiveCfg = Release|x64
		{90CB144F-3610-4884-B159-920183313508}.Release|x64.Build.0 = Release|x64
		{90CB144F-3610-4884-B159-920183313508}.Release|x64.Deploy.0 = Release|x64
		{90CB144F-3610-4884-B159-920183313508}.Release|x86.ActiveCfg = Release|x86
		{90CB144F-3610-4884-B159-920183313508}.Release|x86.Build.0 = Release|x86
		{90CB144F-3610-4884-B159-920183313508}.Release|x86.Deploy.0 = Release|x86
	EndGlobalSection
	GlobalSection(SolutionProperties) = preSolution
		HideSolutionNode = FALSE
	EndGlobalSection
EndGlobal
